
Microsoft Visual Studio Solution File, Format Version 12.00
# Visual Studio Version 16
VisualStudioVersion = 16.0.31321.278
MinimumVisualStudioVersion = 10.0.40219.1
Project("{FAE04EC0-301F-11D3-BF4B-00C04F79EFBC}") = "MaicoHub.Android", "MaicoHub\MaicoHub.Android\MaicoHub.Android.csproj", "{C9734C5E-C8B6-4FFC-A952-CFCB5F6FD181}"
EndProject
Project("{FAE04EC0-301F-11D3-BF4B-00C04F79EFBC}") = "MaicoHub", "MaicoHub\MaicoHub\MaicoHub.csproj", "{BCABB388-DC40-463B-A687-C65DD40A9003}"
EndProject
Global
	GlobalSection(SolutionConfigurationPlatforms) = preSolution
		Debug|Any CPU = Debug|Any CPU
		Release|Any CPU = Release|Any CPU
	EndGlobalSection
	GlobalSection(ProjectConfigurationPlatforms) = postSolution
		{C9734C5E-C8B6-4FFC-A952-CFCB5F6FD181}.Debug|Any CPU.ActiveCfg = Debug|Any CPU
		{C9734C5E-C8B6-4FFC-A952-CFCB5F6FD181}.Debug|Any CPU.Build.0 = Debug|Any CPU
		{C9734C5E-C8B6-4FFC-A952-CFCB5F6FD181}.Debug|Any CPU.Deploy.0 = Debug|Any CPU
		{C9734C5E-C8B6-4FFC-A952-CFCB5F6FD181}.Release|Any CPU.ActiveCfg = Release|Any CPU
		{C9734C5E-C8B6-4FFC-A952-CFCB5F6FD181}.Release|Any CPU.Build.0 = Release|Any CPU
		{C9734C5E-C8B6-4FFC-A952-CFCB5F6FD181}.Release|Any CPU.Deploy.0 = Release|Any CPU
		{BCABB388-DC40-463B-A687-C65DD40A9003}.Debug|Any CPU.ActiveCfg = Debug|Any CPU
		{BCABB388-DC40-463B-A687-C65DD40A9003}.Debug|Any CPU.Build.0 = Debug|Any CPU
		{BCABB388-DC40-463B-A687-C65DD40A9003}.Debug|Any CPU.Deploy.0 = Debug|Any CPU
		{BCABB388-DC40-463B-A687-C65DD40A9003}.Release|Any CPU.ActiveCfg = Release|Any CPU
		{BCABB388-DC40-463B-A687-C65DD40A9003}.Release|Any CPU.Build.0 = Release|Any CPU
		{BCABB388-DC40-463B-A687-C65DD40A9003}.Release|Any CPU.Deploy.0 = Release|Any CPU
	EndGlobalSection
	GlobalSection(SolutionProperties) = preSolution
		HideSolutionNode = FALSE
	EndGlobalSection
	GlobalSection(ExtensibilityGlobals) = postSolution
		SolutionGuid = {0A4F5A91-C78E-40A3-91E5-E7123FF925F4}
	EndGlobalSection
EndGlobal
